// !$*UTF8*$!
{
	archiveVersion = 1;
	classes = {
	};
	objectVersion = 46;
	objects = {

/* Begin PBXBuildFile section */
		1818B9BD1E53254600EF2054 /* background.PNG in Resources */ = {isa = PBXBuildFile; fileRef = 1818B9BC1E53254600EF2054 /* background.PNG */; };
		1838560C1E5C65F90094C811 /* DispatchQueueTests.swift in Sources */ = {isa = PBXBuildFile; fileRef = 1838560B1E5C65F90094C811 /* DispatchQueueTests.swift */; };
		185500351E59827400DADEF7 /* AudioPlayer.swift in Sources */ = {isa = PBXBuildFile; fileRef = 185500341E59827400DADEF7 /* AudioPlayer.swift */; };
		185500371E5982A600DADEF7 /* AudioRecorder.swift in Sources */ = {isa = PBXBuildFile; fileRef = 185500361E5982A600DADEF7 /* AudioRecorder.swift */; };
		185500391E59832300DADEF7 /* Extensions.swift in Sources */ = {isa = PBXBuildFile; fileRef = 185500381E59832300DADEF7 /* Extensions.swift */; };
		1855003D1E5A86CF00DADEF7 /* MasterViewController.swift in Sources */ = {isa = PBXBuildFile; fileRef = 1855003C1E5A86CF00DADEF7 /* MasterViewController.swift */; };
		1855003F1E5A886200DADEF7 /* RecordListViewController.swift in Sources */ = {isa = PBXBuildFile; fileRef = 1855003E1E5A886200DADEF7 /* RecordListViewController.swift */; };
		185500411E5A888A00DADEF7 /* DashboardViewController.swift in Sources */ = {isa = PBXBuildFile; fileRef = 185500401E5A888A00DADEF7 /* DashboardViewController.swift */; };
		185500431E5A895E00DADEF7 /* AuthorityViewController.swift in Sources */ = {isa = PBXBuildFile; fileRef = 185500421E5A895E00DADEF7 /* AuthorityViewController.swift */; };
		185500451E5AAE2200DADEF7 /* Master.storyboard in Resources */ = {isa = PBXBuildFile; fileRef = 185500441E5AAE2200DADEF7 /* Master.storyboard */; };
		189418891E4EDEB000207358 /* AppDelegate.swift in Sources */ = {isa = PBXBuildFile; fileRef = 189418881E4EDEB000207358 /* AppDelegate.swift */; };
		1894188B1E4EDEB000207358 /* MainViewController.swift in Sources */ = {isa = PBXBuildFile; fileRef = 1894188A1E4EDEB000207358 /* MainViewController.swift */; };
		1894188E1E4EDEB000207358 /* Main.storyboard in Resources */ = {isa = PBXBuildFile; fileRef = 1894188C1E4EDEB000207358 /* Main.storyboard */; };
		189418911E4EDEB000207358 /* VGClient.xcdatamodeld in Sources */ = {isa = PBXBuildFile; fileRef = 1894188F1E4EDEB000207358 /* VGClient.xcdatamodeld */; };
		189418931E4EDEB000207358 /* Assets.xcassets in Resources */ = {isa = PBXBuildFile; fileRef = 189418921E4EDEB000207358 /* Assets.xcassets */; };
		189418961E4EDEB000207358 /* LaunchScreen.storyboard in Resources */ = {isa = PBXBuildFile; fileRef = 189418941E4EDEB000207358 /* LaunchScreen.storyboard */; };
		189418A11E4EDEB000207358 /* VGClientTests.swift in Sources */ = {isa = PBXBuildFile; fileRef = 189418A01E4EDEB000207358 /* VGClientTests.swift */; };
		189418AC1E4EDEB100207358 /* VGClientUITests.swift in Sources */ = {isa = PBXBuildFile; fileRef = 189418AB1E4EDEB100207358 /* VGClientUITests.swift */; };
		189418BC1E5057F300207358 /* AudioDataManager.swift in Sources */ = {isa = PBXBuildFile; fileRef = 189418BB1E5057F300207358 /* AudioDataManager.swift */; };
		189418BE1E5159AF00207358 /* CoreDataManager.swift in Sources */ = {isa = PBXBuildFile; fileRef = 189418BD1E5159AF00207358 /* CoreDataManager.swift */; };
		189418CC1E5197F500207358 /* RectCornerView.swift in Sources */ = {isa = PBXBuildFile; fileRef = 189418CB1E5197F500207358 /* RectCornerView.swift */; };
		189418D01E51E60E00207358 /* AudioUploader.swift in Sources */ = {isa = PBXBuildFile; fileRef = 189418CF1E51E60E00207358 /* AudioUploader.swift */; };
		18D1CAEC1E5C29F30029A6F9 /* AudioDataSource.swift in Sources */ = {isa = PBXBuildFile; fileRef = 18D1CAEB1E5C29F30029A6F9 /* AudioDataSource.swift */; };
		63C1FC1BD26B63E7F768193B /* Pods_VGClient.framework in Frameworks */ = {isa = PBXBuildFile; fileRef = C662A5A8E0CDADBF09F6851F /* Pods_VGClient.framework */; };
		662A97DBF4DDE4773C71FEA2 /* Pods_VGClientTests.framework in Frameworks */ = {isa = PBXBuildFile; fileRef = D43BB5E3486CDFD5E6648240 /* Pods_VGClientTests.framework */; };
		DFE65B3F591F8C82B32C7D1E /* Pods_VGClientUITests.framework in Frameworks */ = {isa = PBXBuildFile; fileRef = 0C865D15E6268636F6CE4685 /* Pods_VGClientUITests.framework */; };
/* End PBXBuildFile section */

/* Begin PBXContainerItemProxy section */
		1894189D1E4EDEB000207358 /* PBXContainerItemProxy */ = {
			isa = PBXContainerItemProxy;
			containerPortal = 1894187D1E4EDEAF00207358 /* Project object */;
			proxyType = 1;
			remoteGlobalIDString = 189418841E4EDEB000207358;
			remoteInfo = VGClient;
		};
		189418A81E4EDEB100207358 /* PBXContainerItemProxy */ = {
			isa = PBXContainerItemProxy;
			containerPortal = 1894187D1E4EDEAF00207358 /* Project object */;
			proxyType = 1;
			remoteGlobalIDString = 189418841E4EDEB000207358;
			remoteInfo = VGClient;
		};
/* End PBXContainerItemProxy section */

/* Begin PBXFileReference section */
		0C865D15E6268636F6CE4685 /* Pods_VGClientUITests.framework */ = {isa = PBXFileReference; explicitFileType = wrapper.framework; includeInIndex = 0; path = Pods_VGClientUITests.framework; sourceTree = BUILT_PRODUCTS_DIR; };
		1818B9BC1E53254600EF2054 /* background.PNG */ = {isa = PBXFileReference; lastKnownFileType = image.png; path = background.PNG; sourceTree = "<group>"; };
		1838560B1E5C65F90094C811 /* DispatchQueueTests.swift */ = {isa = PBXFileReference; fileEncoding = 4; lastKnownFileType = sourcecode.swift; path = DispatchQueueTests.swift; sourceTree = "<group>"; };
		185500341E59827400DADEF7 /* AudioPlayer.swift */ = {isa = PBXFileReference; fileEncoding = 4; lastKnownFileType = sourcecode.swift; path = AudioPlayer.swift; sourceTree = "<group>"; };
		185500361E5982A600DADEF7 /* AudioRecorder.swift */ = {isa = PBXFileReference; fileEncoding = 4; lastKnownFileType = sourcecode.swift; path = AudioRecorder.swift; sourceTree = "<group>"; };
		185500381E59832300DADEF7 /* Extensions.swift */ = {isa = PBXFileReference; fileEncoding = 4; lastKnownFileType = sourcecode.swift; path = Extensions.swift; sourceTree = "<group>"; };
		1855003C1E5A86CF00DADEF7 /* MasterViewController.swift */ = {isa = PBXFileReference; fileEncoding = 4; lastKnownFileType = sourcecode.swift; path = MasterViewController.swift; sourceTree = "<group>"; };
		1855003E1E5A886200DADEF7 /* RecordListViewController.swift */ = {isa = PBXFileReference; fileEncoding = 4; lastKnownFileType = sourcecode.swift; path = RecordListViewController.swift; sourceTree = "<group>"; };
		185500401E5A888A00DADEF7 /* DashboardViewController.swift */ = {isa = PBXFileReference; fileEncoding = 4; lastKnownFileType = sourcecode.swift; path = DashboardViewController.swift; sourceTree = "<group>"; };
		185500421E5A895E00DADEF7 /* AuthorityViewController.swift */ = {isa = PBXFileReference; fileEncoding = 4; lastKnownFileType = sourcecode.swift; path = AuthorityViewController.swift; sourceTree = "<group>"; };
		185500441E5AAE2200DADEF7 /* Master.storyboard */ = {isa = PBXFileReference; fileEncoding = 4; lastKnownFileType = file.storyboard; path = Master.storyboard; sourceTree = "<group>"; };
		189418851E4EDEB000207358 /* VGClient.app */ = {isa = PBXFileReference; explicitFileType = wrapper.application; includeInIndex = 0; path = VGClient.app; sourceTree = BUILT_PRODUCTS_DIR; };
		189418881E4EDEB000207358 /* AppDelegate.swift */ = {isa = PBXFileReference; lastKnownFileType = sourcecode.swift; path = AppDelegate.swift; sourceTree = "<group>"; };
		1894188A1E4EDEB000207358 /* MainViewController.swift */ = {isa = PBXFileReference; lastKnownFileType = sourcecode.swift; path = MainViewController.swift; sourceTree = "<group>"; };
		1894188D1E4EDEB000207358 /* Base */ = {isa = PBXFileReference; lastKnownFileType = file.storyboard; name = Base; path = Base.lproj/Main.storyboard; sourceTree = "<group>"; };
		189418901E4EDEB000207358 /* VGClient.xcdatamodel */ = {isa = PBXFileReference; lastKnownFileType = wrapper.xcdatamodel; path = VGClient.xcdatamodel; sourceTree = "<group>"; };
		189418921E4EDEB000207358 /* Assets.xcassets */ = {isa = PBXFileReference; lastKnownFileType = folder.assetcatalog; path = Assets.xcassets; sourceTree = "<group>"; };
		189418951E4EDEB000207358 /* Base */ = {isa = PBXFileReference; lastKnownFileType = file.storyboard; name = Base; path = Base.lproj/LaunchScreen.storyboard; sourceTree = "<group>"; };
		189418971E4EDEB000207358 /* Info.plist */ = {isa = PBXFileReference; lastKnownFileType = text.plist.xml; path = Info.plist; sourceTree = "<group>"; };
		1894189C1E4EDEB000207358 /* VGClientTests.xctest */ = {isa = PBXFileReference; explicitFileType = wrapper.cfbundle; includeInIndex = 0; path = VGClientTests.xctest; sourceTree = BUILT_PRODUCTS_DIR; };
		189418A01E4EDEB000207358 /* VGClientTests.swift */ = {isa = PBXFileReference; lastKnownFileType = sourcecode.swift; path = VGClientTests.swift; sourceTree = "<group>"; };
		189418A21E4EDEB000207358 /* Info.plist */ = {isa = PBXFileReference; lastKnownFileType = text.plist.xml; path = Info.plist; sourceTree = "<group>"; };
		189418A71E4EDEB100207358 /* VGClientUITests.xctest */ = {isa = PBXFileReference; explicitFileType = wrapper.cfbundle; includeInIndex = 0; path = VGClientUITests.xctest; sourceTree = BUILT_PRODUCTS_DIR; };
		189418AB1E4EDEB100207358 /* VGClientUITests.swift */ = {isa = PBXFileReference; lastKnownFileType = sourcecode.swift; path = VGClientUITests.swift; sourceTree = "<group>"; };
		189418AD1E4EDEB100207358 /* Info.plist */ = {isa = PBXFileReference; lastKnownFileType = text.plist.xml; path = Info.plist; sourceTree = "<group>"; };
		189418BB1E5057F300207358 /* AudioDataManager.swift */ = {isa = PBXFileReference; fileEncoding = 4; lastKnownFileType = sourcecode.swift; path = AudioDataManager.swift; sourceTree = "<group>"; };
		189418BD1E5159AF00207358 /* CoreDataManager.swift */ = {isa = PBXFileReference; fileEncoding = 4; lastKnownFileType = sourcecode.swift; path = CoreDataManager.swift; sourceTree = "<group>"; };
		189418CB1E5197F500207358 /* RectCornerView.swift */ = {isa = PBXFileReference; fileEncoding = 4; lastKnownFileType = sourcecode.swift; path = RectCornerView.swift; sourceTree = "<group>"; };
		189418CF1E51E60E00207358 /* AudioUploader.swift */ = {isa = PBXFileReference; fileEncoding = 4; lastKnownFileType = sourcecode.swift; path = AudioUploader.swift; sourceTree = "<group>"; };
		18D1CAEB1E5C29F30029A6F9 /* AudioDataSource.swift */ = {isa = PBXFileReference; fileEncoding = 4; lastKnownFileType = sourcecode.swift; path = AudioDataSource.swift; sourceTree = "<group>"; };
		2ADC62D835192411D4530FEC /* Pods-VGClientUITests.release.xcconfig */ = {isa = PBXFileReference; includeInIndex = 1; lastKnownFileType = text.xcconfig; name = "Pods-VGClientUITests.release.xcconfig"; path = "Pods/Target Support Files/Pods-VGClientUITests/Pods-VGClientUITests.release.xcconfig"; sourceTree = "<group>"; };
		86574B37F98F44263F9285A8 /* Pods-VGClientTests.release.xcconfig */ = {isa = PBXFileReference; includeInIndex = 1; lastKnownFileType = text.xcconfig; name = "Pods-VGClientTests.release.xcconfig"; path = "Pods/Target Support Files/Pods-VGClientTests/Pods-VGClientTests.release.xcconfig"; sourceTree = "<group>"; };
		8B6B9DBE1A784B330C39EA60 /* Pods-VGClient.release.xcconfig */ = {isa = PBXFileReference; includeInIndex = 1; lastKnownFileType = text.xcconfig; name = "Pods-VGClient.release.xcconfig"; path = "Pods/Target Support Files/Pods-VGClient/Pods-VGClient.release.xcconfig"; sourceTree = "<group>"; };
		BA53FF96E1403A27DFC055AC /* Pods-VGClient.debug.xcconfig */ = {isa = PBXFileReference; includeInIndex = 1; lastKnownFileType = text.xcconfig; name = "Pods-VGClient.debug.xcconfig"; path = "Pods/Target Support Files/Pods-VGClient/Pods-VGClient.debug.xcconfig"; sourceTree = "<group>"; };
		C662A5A8E0CDADBF09F6851F /* Pods_VGClient.framework */ = {isa = PBXFileReference; explicitFileType = wrapper.framework; includeInIndex = 0; path = Pods_VGClient.framework; sourceTree = BUILT_PRODUCTS_DIR; };
		D43BB5E3486CDFD5E6648240 /* Pods_VGClientTests.framework */ = {isa = PBXFileReference; explicitFileType = wrapper.framework; includeInIndex = 0; path = Pods_VGClientTests.framework; sourceTree = BUILT_PRODUCTS_DIR; };
		D6C8F8EBFC6E0E7ADE944584 /* Pods-VGClientTests.debug.xcconfig */ = {isa = PBXFileReference; includeInIndex = 1; lastKnownFileType = text.xcconfig; name = "Pods-VGClientTests.debug.xcconfig"; path = "Pods/Target Support Files/Pods-VGClientTests/Pods-VGClientTests.debug.xcconfig"; sourceTree = "<group>"; };
		ED1FA2163159E2B510EE053A /* Pods-VGClientUITests.debug.xcconfig */ = {isa = PBXFileReference; includeInIndex = 1; lastKnownFileType = text.xcconfig; name = "Pods-VGClientUITests.debug.xcconfig"; path = "Pods/Target Support Files/Pods-VGClientUITests/Pods-VGClientUITests.debug.xcconfig"; sourceTree = "<group>"; };
/* End PBXFileReference section */

/* Begin PBXFrameworksBuildPhase section */
		189418821E4EDEB000207358 /* Frameworks */ = {
			isa = PBXFrameworksBuildPhase;
			buildActionMask = 2147483647;
			files = (
				63C1FC1BD26B63E7F768193B /* Pods_VGClient.framework in Frameworks */,
			);
			runOnlyForDeploymentPostprocessing = 0;
		};
		189418991E4EDEB000207358 /* Frameworks */ = {
			isa = PBXFrameworksBuildPhase;
			buildActionMask = 2147483647;
			files = (
				662A97DBF4DDE4773C71FEA2 /* Pods_VGClientTests.framework in Frameworks */,
			);
			runOnlyForDeploymentPostprocessing = 0;
		};
		189418A41E4EDEB100207358 /* Frameworks */ = {
			isa = PBXFrameworksBuildPhase;
			buildActionMask = 2147483647;
			files = (
				DFE65B3F591F8C82B32C7D1E /* Pods_VGClientUITests.framework in Frameworks */,
			);
			runOnlyForDeploymentPostprocessing = 0;
		};
/* End PBXFrameworksBuildPhase section */

/* Begin PBXGroup section */
		1894187C1E4EDEAF00207358 = {
			isa = PBXGroup;
			children = (
				189418871E4EDEB000207358 /* VGClient */,
				1894189F1E4EDEB000207358 /* VGClientTests */,
				189418AA1E4EDEB100207358 /* VGClientUITests */,
				189418861E4EDEB000207358 /* Products */,
				DE770F3D7C7C9DBDFE1B5234 /* Pods */,
				3E14AF448141C8941727C9E2 /* Frameworks */,
			);
			sourceTree = "<group>";
		};
		189418861E4EDEB000207358 /* Products */ = {
			isa = PBXGroup;
			children = (
				189418851E4EDEB000207358 /* VGClient.app */,
				1894189C1E4EDEB000207358 /* VGClientTests.xctest */,
				189418A71E4EDEB100207358 /* VGClientUITests.xctest */,
			);
			name = Products;
			sourceTree = "<group>";
		};
		189418871E4EDEB000207358 /* VGClient */ = {
			isa = PBXGroup;
			children = (
				189418881E4EDEB000207358 /* AppDelegate.swift */,
				1894188A1E4EDEB000207358 /* MainViewController.swift */,
				1855003C1E5A86CF00DADEF7 /* MasterViewController.swift */,
				1855003E1E5A886200DADEF7 /* RecordListViewController.swift */,
				185500401E5A888A00DADEF7 /* DashboardViewController.swift */,
				185500421E5A895E00DADEF7 /* AuthorityViewController.swift */,
				189418CB1E5197F500207358 /* RectCornerView.swift */,
				18D1CAEB1E5C29F30029A6F9 /* AudioDataSource.swift */,
				189418BD1E5159AF00207358 /* CoreDataManager.swift */,
				189418BB1E5057F300207358 /* AudioDataManager.swift */,
				185500361E5982A600DADEF7 /* AudioRecorder.swift */,
				185500341E59827400DADEF7 /* AudioPlayer.swift */,
				189418CF1E51E60E00207358 /* AudioUploader.swift */,
				185500381E59832300DADEF7 /* Extensions.swift */,
				1894188C1E4EDEB000207358 /* Main.storyboard */,
				185500441E5AAE2200DADEF7 /* Master.storyboard */,
				189418921E4EDEB000207358 /* Assets.xcassets */,
				189418941E4EDEB000207358 /* LaunchScreen.storyboard */,
				189418971E4EDEB000207358 /* Info.plist */,
				1894188F1E4EDEB000207358 /* VGClient.xcdatamodeld */,
				1818B9BC1E53254600EF2054 /* background.PNG */,
			);
			path = VGClient;
			sourceTree = "<group>";
		};
		1894189F1E4EDEB000207358 /* VGClientTests */ = {
			isa = PBXGroup;
			children = (
				189418A01E4EDEB000207358 /* VGClientTests.swift */,
				1838560B1E5C65F90094C811 /* DispatchQueueTests.swift */,
				189418A21E4EDEB000207358 /* Info.plist */,
			);
			path = VGClientTests;
			sourceTree = "<group>";
		};
		189418AA1E4EDEB100207358 /* VGClientUITests */ = {
			isa = PBXGroup;
			children = (
				189418AB1E4EDEB100207358 /* VGClientUITests.swift */,
				189418AD1E4EDEB100207358 /* Info.plist */,
			);
			path = VGClientUITests;
			sourceTree = "<group>";
		};
		3E14AF448141C8941727C9E2 /* Frameworks */ = {
			isa = PBXGroup;
			children = (
				C662A5A8E0CDADBF09F6851F /* Pods_VGClient.framework */,
				D43BB5E3486CDFD5E6648240 /* Pods_VGClientTests.framework */,
				0C865D15E6268636F6CE4685 /* Pods_VGClientUITests.framework */,
			);
			name = Frameworks;
			sourceTree = "<group>";
		};
		DE770F3D7C7C9DBDFE1B5234 /* Pods */ = {
			isa = PBXGroup;
			children = (
				BA53FF96E1403A27DFC055AC /* Pods-VGClient.debug.xcconfig */,
				8B6B9DBE1A784B330C39EA60 /* Pods-VGClient.release.xcconfig */,
				D6C8F8EBFC6E0E7ADE944584 /* Pods-VGClientTests.debug.xcconfig */,
				86574B37F98F44263F9285A8 /* Pods-VGClientTests.release.xcconfig */,
				ED1FA2163159E2B510EE053A /* Pods-VGClientUITests.debug.xcconfig */,
				2ADC62D835192411D4530FEC /* Pods-VGClientUITests.release.xcconfig */,
			);
			name = Pods;
			sourceTree = "<group>";
		};
/* End PBXGroup section */

/* Begin PBXNativeTarget section */
		189418841E4EDEB000207358 /* VGClient */ = {
			isa = PBXNativeTarget;
			buildConfigurationList = 189418B01E4EDEB100207358 /* Build configuration list for PBXNativeTarget "VGClient" */;
			buildPhases = (
				007037E1269AAB755AF6B62F /* 📦 Check Pods Manifest.lock */,
				189418811E4EDEB000207358 /* Sources */,
				189418821E4EDEB000207358 /* Frameworks */,
				189418831E4EDEB000207358 /* Resources */,
				62AADFDB30DB9FFC39CD5130 /* 📦 Embed Pods Frameworks */,
				94DC5DF1D74422B770CA8B1D /* 📦 Copy Pods Resources */,
			);
			buildRules = (
			);
			dependencies = (
			);
			name = VGClient;
			productName = VGClient;
			productReference = 189418851E4EDEB000207358 /* VGClient.app */;
			productType = "com.apple.product-type.application";
		};
		1894189B1E4EDEB000207358 /* VGClientTests */ = {
			isa = PBXNativeTarget;
			buildConfigurationList = 189418B31E4EDEB100207358 /* Build configuration list for PBXNativeTarget "VGClientTests" */;
			buildPhases = (
				25D351A7011CBB60078E149F /* 📦 Check Pods Manifest.lock */,
				189418981E4EDEB000207358 /* Sources */,
				189418991E4EDEB000207358 /* Frameworks */,
				1894189A1E4EDEB000207358 /* Resources */,
				052AC17FD317FC9932B38BB6 /* 📦 Embed Pods Frameworks */,
				82ED5A52817754142C907CB9 /* 📦 Copy Pods Resources */,
			);
			buildRules = (
			);
			dependencies = (
				1894189E1E4EDEB000207358 /* PBXTargetDependency */,
			);
			name = VGClientTests;
			productName = VGClientTests;
			productReference = 1894189C1E4EDEB000207358 /* VGClientTests.xctest */;
			productType = "com.apple.product-type.bundle.unit-test";
		};
		189418A61E4EDEB100207358 /* VGClientUITests */ = {
			isa = PBXNativeTarget;
			buildConfigurationList = 189418B61E4EDEB100207358 /* Build configuration list for PBXNativeTarget "VGClientUITests" */;
			buildPhases = (
				74E2D70ECEA018EF1CD4CBC5 /* 📦 Check Pods Manifest.lock */,
				189418A31E4EDEB100207358 /* Sources */,
				189418A41E4EDEB100207358 /* Frameworks */,
				189418A51E4EDEB100207358 /* Resources */,
				B28583D0FED92E7F12A6AE67 /* 📦 Copy Pods Resources */,
			);
			buildRules = (
			);
			dependencies = (
				189418A91E4EDEB100207358 /* PBXTargetDependency */,
			);
			name = VGClientUITests;
			productName = VGClientUITests;
			productReference = 189418A71E4EDEB100207358 /* VGClientUITests.xctest */;
			productType = "com.apple.product-type.bundle.ui-testing";
		};
/* End PBXNativeTarget section */

/* Begin PBXProject section */
		1894187D1E4EDEAF00207358 /* Project object */ = {
			isa = PBXProject;
			attributes = {
				LastSwiftUpdateCheck = 0820;
				LastUpgradeCheck = 0820;
				ORGANIZATIONNAME = HTIOT.Inc;
				TargetAttributes = {
					189418841E4EDEB000207358 = {
						CreatedOnToolsVersion = 8.2.1;
						DevelopmentTeam = LMFYAZF64N;
						ProvisioningStyle = Automatic;
					};
					1894189B1E4EDEB000207358 = {
						CreatedOnToolsVersion = 8.2.1;
						DevelopmentTeam = LMFYAZF64N;
						ProvisioningStyle = Automatic;
						TestTargetID = 189418841E4EDEB000207358;
					};
					189418A61E4EDEB100207358 = {
						CreatedOnToolsVersion = 8.2.1;
						DevelopmentTeam = LMFYAZF64N;
						ProvisioningStyle = Automatic;
						TestTargetID = 189418841E4EDEB000207358;
					};
				};
			};
			buildConfigurationList = 189418801E4EDEAF00207358 /* Build configuration list for PBXProject "VGClient" */;
			compatibilityVersion = "Xcode 3.2";
			developmentRegion = English;
			hasScannedForEncodings = 0;
			knownRegions = (
				en,
				Base,
			);
			mainGroup = 1894187C1E4EDEAF00207358;
			productRefGroup = 189418861E4EDEB000207358 /* Products */;
			projectDirPath = "";
			projectRoot = "";
			targets = (
				189418841E4EDEB000207358 /* VGClient */,
				1894189B1E4EDEB000207358 /* VGClientTests */,
				189418A61E4EDEB100207358 /* VGClientUITests */,
			);
		};
/* End PBXProject section */

/* Begin PBXResourcesBuildPhase section */
		189418831E4EDEB000207358 /* Resources */ = {
			isa = PBXResourcesBuildPhase;
			buildActionMask = 2147483647;
			files = (
				189418961E4EDEB000207358 /* LaunchScreen.storyboard in Resources */,
				1818B9BD1E53254600EF2054 /* background.PNG in Resources */,
				189418931E4EDEB000207358 /* Assets.xcassets in Resources */,
				185500451E5AAE2200DADEF7 /* Master.storyboard in Resources */,
				1894188E1E4EDEB000207358 /* Main.storyboard in Resources */,
			);
			runOnlyForDeploymentPostprocessing = 0;
		};
		1894189A1E4EDEB000207358 /* Resources */ = {
			isa = PBXResourcesBuildPhase;
			buildActionMask = 2147483647;
			files = (
			);
			runOnlyForDeploymentPostprocessing = 0;
		};
		189418A51E4EDEB100207358 /* Resources */ = {
			isa = PBXResourcesBuildPhase;
			buildActionMask = 2147483647;
			files = (
			);
			runOnlyForDeploymentPostprocessing = 0;
		};
/* End PBXResourcesBuildPhase section */

/* Begin PBXShellScriptBuildPhase section */
		007037E1269AAB755AF6B62F /* 📦 Check Pods Manifest.lock */ = {
			isa = PBXShellScriptBuildPhase;
			buildActionMask = 2147483647;
			files = (
			);
			inputPaths = (
			);
			name = "📦 Check Pods Manifest.lock";
			outputPaths = (
			);
			runOnlyForDeploymentPostprocessing = 0;
			shellPath = /bin/sh;
			shellScript = "diff \"${PODS_ROOT}/../Podfile.lock\" \"${PODS_ROOT}/Manifest.lock\" > /dev/null\nif [[ $? != 0 ]] ; then\n    cat << EOM\nerror: The sandbox is not in sync with the Podfile.lock. Run 'pod install' or update your CocoaPods installation.\nEOM\n    exit 1\nfi\n";
			showEnvVarsInLog = 0;
		};
		052AC17FD317FC9932B38BB6 /* 📦 Embed Pods Frameworks */ = {
			isa = PBXShellScriptBuildPhase;
			buildActionMask = 2147483647;
			files = (
			);
			inputPaths = (
			);
			name = "📦 Embed Pods Frameworks";
			outputPaths = (
			);
			runOnlyForDeploymentPostprocessing = 0;
			shellPath = /bin/sh;
			shellScript = "\"${SRCROOT}/Pods/Target Support Files/Pods-VGClientTests/Pods-VGClientTests-frameworks.sh\"\n";
			showEnvVarsInLog = 0;
		};
		25D351A7011CBB60078E149F /* 📦 Check Pods Manifest.lock */ = {
			isa = PBXShellScriptBuildPhase;
			buildActionMask = 2147483647;
			files = (
			);
			inputPaths = (
			);
			name = "📦 Check Pods Manifest.lock";
			outputPaths = (
			);
			runOnlyForDeploymentPostprocessing = 0;
			shellPath = /bin/sh;
			shellScript = "diff \"${PODS_ROOT}/../Podfile.lock\" \"${PODS_ROOT}/Manifest.lock\" > /dev/null\nif [[ $? != 0 ]] ; then\n    cat << EOM\nerror: The sandbox is not in sync with the Podfile.lock. Run 'pod install' or update your CocoaPods installation.\nEOM\n    exit 1\nfi\n";
			showEnvVarsInLog = 0;
		};
		62AADFDB30DB9FFC39CD5130 /* 📦 Embed Pods Frameworks */ = {
			isa = PBXShellScriptBuildPhase;
			buildActionMask = 2147483647;
			files = (
			);
			inputPaths = (
			);
			name = "📦 Embed Pods Frameworks";
			outputPaths = (
			);
			runOnlyForDeploymentPostprocessing = 0;
			shellPath = /bin/sh;
			shellScript = "\"${SRCROOT}/Pods/Target Support Files/Pods-VGClient/Pods-VGClient-frameworks.sh\"\n";
			showEnvVarsInLog = 0;
		};
		74E2D70ECEA018EF1CD4CBC5 /* 📦 Check Pods Manifest.lock */ = {
			isa = PBXShellScriptBuildPhase;
			buildActionMask = 2147483647;
			files = (
			);
			inputPaths = (
			);
			name = "📦 Check Pods Manifest.lock";
			outputPaths = (
			);
			runOnlyForDeploymentPostprocessing = 0;
			shellPath = /bin/sh;
			shellScript = "diff \"${PODS_ROOT}/../Podfile.lock\" \"${PODS_ROOT}/Manifest.lock\" > /dev/null\nif [[ $? != 0 ]] ; then\n    cat << EOM\nerror: The sandbox is not in sync with the Podfile.lock. Run 'pod install' or update your CocoaPods installation.\nEOM\n    exit 1\nfi\n";
			showEnvVarsInLog = 0;
		};
		82ED5A52817754142C907CB9 /* 📦 Copy Pods Resources */ = {
			isa = PBXShellScriptBuildPhase;
			buildActionMask = 2147483647;
			files = (
			);
			inputPaths = (
			);
			name = "📦 Copy Pods Resources";
			outputPaths = (
			);
			runOnlyForDeploymentPostprocessing = 0;
			shellPath = /bin/sh;
			shellScript = "\"${SRCROOT}/Pods/Target Support Files/Pods-VGClientTests/Pods-VGClientTests-resources.sh\"\n";
			showEnvVarsInLog = 0;
		};
		94DC5DF1D74422B770CA8B1D /* 📦 Copy Pods Resources */ = {
			isa = PBXShellScriptBuildPhase;
			buildActionMask = 2147483647;
			files = (
			);
			inputPaths = (
			);
			name = "📦 Copy Pods Resources";
			outputPaths = (
			);
			runOnlyForDeploymentPostprocessing = 0;
			shellPath = /bin/sh;
			shellScript = "\"${SRCROOT}/Pods/Target Support Files/Pods-VGClient/Pods-VGClient-resources.sh\"\n";
			showEnvVarsInLog = 0;
		};
		B28583D0FED92E7F12A6AE67 /* 📦 Copy Pods Resources */ = {
			isa = PBXShellScriptBuildPhase;
			buildActionMask = 2147483647;
			files = (
			);
			inputPaths = (
			);
			name = "📦 Copy Pods Resources";
			outputPaths = (
			);
			runOnlyForDeploymentPostprocessing = 0;
			shellPath = /bin/sh;
			shellScript = "\"${SRCROOT}/Pods/Target Support Files/Pods-VGClientUITests/Pods-VGClientUITests-resources.sh\"\n";
			showEnvVarsInLog = 0;
		};
/* End PBXShellScriptBuildPhase section */

/* Begin PBXSourcesBuildPhase section */
		189418811E4EDEB000207358 /* Sources */ = {
			isa = PBXSourcesBuildPhase;
			buildActionMask = 2147483647;
			files = (
				185500371E5982A600DADEF7 /* AudioRecorder.swift in Sources */,
				189418911E4EDEB000207358 /* VGClient.xcdatamodeld in Sources */,
				1855003D1E5A86CF00DADEF7 /* MasterViewController.swift in Sources */,
				1894188B1E4EDEB000207358 /* MainViewController.swift in Sources */,
				189418D01E51E60E00207358 /* AudioUploader.swift in Sources */,
				185500351E59827400DADEF7 /* AudioPlayer.swift in Sources */,
				185500391E59832300DADEF7 /* Extensions.swift in Sources */,
				185500411E5A888A00DADEF7 /* DashboardViewController.swift in Sources */,
				1855003F1E5A886200DADEF7 /* RecordListViewController.swift in Sources */,
				189418BC1E5057F300207358 /* AudioDataManager.swift in Sources */,
				185500431E5A895E00DADEF7 /* AuthorityViewController.swift in Sources */,
				189418CC1E5197F500207358 /* RectCornerView.swift in Sources */,
				189418BE1E5159AF00207358 /* CoreDataManager.swift in Sources */,
				189418891E4EDEB000207358 /* AppDelegate.swift in Sources */,
				18D1CAEC1E5C29F30029A6F9 /* AudioDataSource.swift in Sources */,
			);
			runOnlyForDeploymentPostprocessing = 0;
		};
		189418981E4EDEB000207358 /* Sources */ = {
			isa = PBXSourcesBuildPhase;
			buildActionMask = 2147483647;
			files = (
				189418A11E4EDEB000207358 /* VGClientTests.swift in Sources */,
				1838560C1E5C65F90094C811 /* DispatchQueueTests.swift in Sources */,
			);
			runOnlyForDeploymentPostprocessing = 0;
		};
		189418A31E4EDEB100207358 /* Sources */ = {
			isa = PBXSourcesBuildPhase;
			buildActionMask = 2147483647;
			files = (
				189418AC1E4EDEB100207358 /* VGClientUITests.swift in Sources */,
			);
			runOnlyForDeploymentPostprocessing = 0;
		};
/* End PBXSourcesBuildPhase section */

/* Begin PBXTargetDependency section */
		1894189E1E4EDEB000207358 /* PBXTargetDependency */ = {
			isa = PBXTargetDependency;
			target = 189418841E4EDEB000207358 /* VGClient */;
			targetProxy = 1894189D1E4EDEB000207358 /* PBXContainerItemProxy */;
		};
		189418A91E4EDEB100207358 /* PBXTargetDependency */ = {
			isa = PBXTargetDependency;
			target = 189418841E4EDEB000207358 /* VGClient */;
			targetProxy = 189418A81E4EDEB100207358 /* PBXContainerItemProxy */;
		};
/* End PBXTargetDependency section */

/* Begin PBXVariantGroup section */
		1894188C1E4EDEB000207358 /* Main.storyboard */ = {
			isa = PBXVariantGroup;
			children = (
				1894188D1E4EDEB000207358 /* Base */,
			);
			name = Main.storyboard;
			sourceTree = "<group>";
		};
		189418941E4EDEB000207358 /* LaunchScreen.storyboard */ = {
			isa = PBXVariantGroup;
			children = (
				189418951E4EDEB000207358 /* Base */,
			);
			name = LaunchScreen.storyboard;
			sourceTree = "<group>";
		};
/* End PBXVariantGroup section */

/* Begin XCBuildConfiguration section */
		189418AE1E4EDEB100207358 /* Debug */ = {
			isa = XCBuildConfiguration;
			buildSettings = {
				ALWAYS_SEARCH_USER_PATHS = NO;
				CLANG_ANALYZER_NONNULL = YES;
				CLANG_CXX_LANGUAGE_STANDARD = "gnu++0x";
				CLANG_CXX_LIBRARY = "libc++";
				CLANG_ENABLE_MODULES = YES;
				CLANG_ENABLE_OBJC_ARC = YES;
				CLANG_WARN_BOOL_CONVERSION = YES;
				CLANG_WARN_CONSTANT_CONVERSION = YES;
				CLANG_WARN_DIRECT_OBJC_ISA_USAGE = YES_ERROR;
				CLANG_WARN_DOCUMENTATION_COMMENTS = YES;
				CLANG_WARN_EMPTY_BODY = YES;
				CLANG_WARN_ENUM_CONVERSION = YES;
				CLANG_WARN_INFINITE_RECURSION = YES;
				CLANG_WARN_INT_CONVERSION = YES;
				CLANG_WARN_OBJC_ROOT_CLASS = YES_ERROR;
				CLANG_WARN_SUSPICIOUS_MOVE = YES;
				CLANG_WARN_UNREACHABLE_CODE = YES;
				CLANG_WARN__DUPLICATE_METHOD_MATCH = YES;
				"CODE_SIGN_IDENTITY[sdk=iphoneos*]" = "iPhone Developer";
				COPY_PHASE_STRIP = NO;
				DEBUG_INFORMATION_FORMAT = dwarf;
				ENABLE_STRICT_OBJC_MSGSEND = YES;
				ENABLE_TESTABILITY = YES;
				GCC_C_LANGUAGE_STANDARD = gnu99;
				GCC_DYNAMIC_NO_PIC = NO;
				GCC_NO_COMMON_BLOCKS = YES;
				GCC_OPTIMIZATION_LEVEL = 0;
				GCC_PREPROCESSOR_DEFINITIONS = (
					"DEBUG=1",
					"$(inherited)",
				);
				GCC_WARN_64_TO_32_BIT_CONVERSION = YES;
				GCC_WARN_ABOUT_RETURN_TYPE = YES_ERROR;
				GCC_WARN_UNDECLARED_SELECTOR = YES;
				GCC_WARN_UNINITIALIZED_AUTOS = YES_AGGRESSIVE;
				GCC_WARN_UNUSED_FUNCTION = YES;
				GCC_WARN_UNUSED_VARIABLE = YES;
				IPHONEOS_DEPLOYMENT_TARGET = 10.2;
				MTL_ENABLE_DEBUG_INFO = YES;
				ONLY_ACTIVE_ARCH = YES;
				SDKROOT = iphoneos;
				SWIFT_ACTIVE_COMPILATION_CONDITIONS = DEBUG;
				SWIFT_OPTIMIZATION_LEVEL = "-Onone";
				TARGETED_DEVICE_FAMILY = "1,2";
			};
			name = Debug;
		};
		189418AF1E4EDEB100207358 /* Release */ = {
			isa = XCBuildConfiguration;
			buildSettings = {
				ALWAYS_SEARCH_USER_PATHS = NO;
				CLANG_ANALYZER_NONNULL = YES;
				CLANG_CXX_LANGUAGE_STANDARD = "gnu++0x";
				CLANG_CXX_LIBRARY = "libc++";
				CLANG_ENABLE_MODULES = YES;
				CLANG_ENABLE_OBJC_ARC = YES;
				CLANG_WARN_BOOL_CONVERSION = YES;
				CLANG_WARN_CONSTANT_CONVERSION = YES;
				CLANG_WARN_DIRECT_OBJC_ISA_USAGE = YES_ERROR;
				CLANG_WARN_DOCUMENTATION_COMMENTS = YES;
				CLANG_WARN_EMPTY_BODY = YES;
				CLANG_WARN_ENUM_CONVERSION = YES;
				CLANG_WARN_INFINITE_RECURSION = YES;
				CLANG_WARN_INT_CONVERSION = YES;
				CLANG_WARN_OBJC_ROOT_CLASS = YES_ERROR;
				CLANG_WARN_SUSPICIOUS_MOVE = YES;
				CLANG_WARN_UNREACHABLE_CODE = YES;
				CLANG_WARN__DUPLICATE_METHOD_MATCH = YES;
				"CODE_SIGN_IDENTITY[sdk=iphoneos*]" = "iPhone Developer";
				COPY_PHASE_STRIP = NO;
				DEBUG_INFORMATION_FORMAT = "dwarf-with-dsym";
				ENABLE_NS_ASSERTIONS = NO;
				ENABLE_STRICT_OBJC_MSGSEND = YES;
				GCC_C_LANGUAGE_STANDARD = gnu99;
				GCC_NO_COMMON_BLOCKS = YES;
				GCC_WARN_64_TO_32_BIT_CONVERSION = YES;
				GCC_WARN_ABOUT_RETURN_TYPE = YES_ERROR;
				GCC_WARN_UNDECLARED_SELECTOR = YES;
				GCC_WARN_UNINITIALIZED_AUTOS = YES_AGGRESSIVE;
				GCC_WARN_UNUSED_FUNCTION = YES;
				GCC_WARN_UNUSED_VARIABLE = YES;
				IPHONEOS_DEPLOYMENT_TARGET = 10.2;
				MTL_ENABLE_DEBUG_INFO = NO;
				SDKROOT = iphoneos;
				SWIFT_OPTIMIZATION_LEVEL = "-Owholemodule";
				TARGETED_DEVICE_FAMILY = "1,2";
				VALIDATE_PRODUCT = YES;
			};
			name = Release;
		};
		189418B11E4EDEB100207358 /* Debug */ = {
			isa = XCBuildConfiguration;
			baseConfigurationReference = BA53FF96E1403A27DFC055AC /* Pods-VGClient.debug.xcconfig */;
			buildSettings = {
				ASSETCATALOG_COMPILER_APPICON_NAME = AppIcon;
				DEVELOPMENT_TEAM = LMFYAZF64N;
				INFOPLIST_FILE = VGClient/Info.plist;
				IPHONEOS_DEPLOYMENT_TARGET = 9.0;
				LD_RUNPATH_SEARCH_PATHS = "$(inherited) @executable_path/Frameworks";
				PRODUCT_BUNDLE_IDENTIFIER = com.HTIOT.VGClient;
				PRODUCT_NAME = "$(TARGET_NAME)";
				SWIFT_VERSION = 3.0;
			};
			name = Debug;
		};
		189418B21E4EDEB100207358 /* Release */ = {
			isa = XCBuildConfiguration;
			baseConfigurationReference = 8B6B9DBE1A784B330C39EA60 /* Pods-VGClient.release.xcconfig */;
			buildSettings = {
				ASSETCATALOG_COMPILER_APPICON_NAME = AppIcon;
				DEVELOPMENT_TEAM = LMFYAZF64N;
				INFOPLIST_FILE = VGClient/Info.plist;
				IPHONEOS_DEPLOYMENT_TARGET = 9.0;
				LD_RUNPATH_SEARCH_PATHS = "$(inherited) @executable_path/Frameworks";
				PRODUCT_BUNDLE_IDENTIFIER = com.HTIOT.VGClient;
				PRODUCT_NAME = "$(TARGET_NAME)";
				SWIFT_VERSION = 3.0;
			};
			name = Release;
		};
		189418B41E4EDEB100207358 /* Debug */ = {
			isa = XCBuildConfiguration;
			baseConfigurationReference = D6C8F8EBFC6E0E7ADE944584 /* Pods-VGClientTests.debug.xcconfig */;
			buildSettings = {
				ALWAYS_EMBED_SWIFT_STANDARD_LIBRARIES = YES;
				BUNDLE_LOADER = "$(TEST_HOST)";
				DEVELOPMENT_TEAM = LMFYAZF64N;
				INFOPLIST_FILE = VGClientTests/Info.plist;
				LD_RUNPATH_SEARCH_PATHS = "$(inherited) @executable_path/Frameworks @loader_path/Frameworks";
				PRODUCT_BUNDLE_IDENTIFIER = com.HTIOT.VGClientTests;
				PRODUCT_NAME = "$(TARGET_NAME)";
				SWIFT_VERSION = 3.0;
				TEST_HOST = "$(BUILT_PRODUCTS_DIR)/VGClient.app/VGClient";
			};
			name = Debug;
		};
		189418B51E4EDEB100207358 /* Release */ = {
			isa = XCBuildConfiguration;
			baseConfigurationReference = 86574B37F98F44263F9285A8 /* Pods-VGClientTests.release.xcconfig */;
			buildSettings = {
				ALWAYS_EMBED_SWIFT_STANDARD_LIBRARIES = YES;
				BUNDLE_LOADER = "$(TEST_HOST)";
				DEVELOPMENT_TEAM = LMFYAZF64N;
				INFOPLIST_FILE = VGClientTests/Info.plist;
				LD_RUNPATH_SEARCH_PATHS = "$(inherited) @executable_path/Frameworks @loader_path/Frameworks";
				PRODUCT_BUNDLE_IDENTIFIER = com.HTIOT.VGClientTests;
				PRODUCT_NAME = "$(TARGET_NAME)";
				SWIFT_VERSION = 3.0;
				TEST_HOST = "$(BUILT_PRODUCTS_DIR)/VGClient.app/VGClient";
			};
			name = Release;
		};
		189418B71E4EDEB100207358 /* Debug */ = {
			isa = XCBuildConfiguration;
			baseConfigurationReference = ED1FA2163159E2B510EE053A /* Pods-VGClientUITests.debug.xcconfig */;
			buildSettings = {
				ALWAYS_EMBED_SWIFT_STANDARD_LIBRARIES = YES;
				DEVELOPMENT_TEAM = LMFYAZF64N;
				INFOPLIST_FILE = VGClientUITests/Info.plist;
				LD_RUNPATH_SEARCH_PATHS = "$(inherited) @executable_path/Frameworks @loader_path/Frameworks";
				PRODUCT_BUNDLE_IDENTIFIER = com.HTIOT.VGClientUITests;
				PRODUCT_NAME = "$(TARGET_NAME)";
				SWIFT_VERSION = 3.0;
				TEST_TARGET_NAME = VGClient;
			};
			name = Debug;
		};
		189418B81E4EDEB100207358 /* Release */ = {
			isa = XCBuildConfiguration;
			baseConfigurationReference = 2ADC62D835192411D4530FEC /* Pods-VGClientUITests.release.xcconfig */;
			buildSettings = {
				ALWAYS_EMBED_SWIFT_STANDARD_LIBRARIES = YES;
				DEVELOPMENT_TEAM = LMFYAZF64N;
				INFOPLIST_FILE = VGClientUITests/Info.plist;
				LD_RUNPATH_SEARCH_PATHS = "$(inherited) @executable_path/Frameworks @loader_path/Frameworks";
				PRODUCT_BUNDLE_IDENTIFIER = com.HTIOT.VGClientUITests;
				PRODUCT_NAME = "$(TARGET_NAME)";
				SWIFT_VERSION = 3.0;
				TEST_TARGET_NAME = VGClient;
			};
			name = Release;
		};
/* End XCBuildConfiguration section */

/* Begin XCConfigurationList section */
		189418801E4EDEAF00207358 /* Build configuration list for PBXProject "VGClient" */ = {
			isa = XCConfigurationList;
			buildConfigurations = (
				189418AE1E4EDEB100207358 /* Debug */,
				189418AF1E4EDEB100207358 /* Release */,
			);
			defaultConfigurationIsVisible = 0;
			defaultConfigurationName = Release;
		};
		189418B01E4EDEB100207358 /* Build configuration list for PBXNativeTarget "VGClient" */ = {
			isa = XCConfigurationList;
			buildConfigurations = (
				189418B11E4EDEB100207358 /* Debug */,
				189418B21E4EDEB100207358 /* Release */,
			);
			defaultConfigurationIsVisible = 0;
			defaultConfigurationName = Release;
		};
		189418B31E4EDEB100207358 /* Build configuration list for PBXNativeTarget "VGClientTests" */ = {
			isa = XCConfigurationList;
			buildConfigurations = (
				189418B41E4EDEB100207358 /* Debug */,
				189418B51E4EDEB100207358 /* Release */,
			);
			defaultConfigurationIsVisible = 0;
			defaultConfigurationName = Release;
		};
		189418B61E4EDEB100207358 /* Build configuration list for PBXNativeTarget "VGClientUITests" */ = {
			isa = XCConfigurationList;
			buildConfigurations = (
				189418B71E4EDEB100207358 /* Debug */,
				189418B81E4EDEB100207358 /* Release */,
			);
			defaultConfigurationIsVisible = 0;
			defaultConfigurationName = Release;
		};
/* End XCConfigurationList section */

/* Begin XCVersionGroup section */
		1894188F1E4EDEB000207358 /* VGClient.xcdatamodeld */ = {
			isa = XCVersionGroup;
			children = (
				189418901E4EDEB000207358 /* VGClient.xcdatamodel */,
			);
			currentVersion = 189418901E4EDEB000207358 /* VGClient.xcdatamodel */;
			path = VGClient.xcdatamodeld;
			sourceTree = "<group>";
			versionGroupType = wrapper.xcdatamodel;
		};
/* End XCVersionGroup section */
	};
	rootObject = 1894187D1E4EDEAF00207358 /* Project object */;
}
